// !$*UTF8*$!
{
	archiveVersion = 1;
	classes = {
	};
	objectVersion = 46;
	objects = {

/* Begin PBXBuildFile section */
		2B059A911C01F1F900770818 /* main.m in Sources */ = {isa = PBXBuildFile; fileRef = 2B059A901C01F1F900770818 /* main.m */; };
		2B059A941C01F1F900770818 /* AppDelegate.m in Sources */ = {isa = PBXBuildFile; fileRef = 2B059A931C01F1F900770818 /* AppDelegate.m */; };
		2B059A9A1C01F1F900770818 /* Main.storyboard in Resources */ = {isa = PBXBuildFile; fileRef = 2B059A981C01F1F900770818 /* Main.storyboard */; };
		2B059A9C1C01F1F900770818 /* Assets.xcassets in Resources */ = {isa = PBXBuildFile; fileRef = 2B059A9B1C01F1F900770818 /* Assets.xcassets */; };
		2B059A9F1C01F1F900770818 /* LaunchScreen.storyboard in Resources */ = {isa = PBXBuildFile; fileRef = 2B059A9D1C01F1F900770818 /* LaunchScreen.storyboard */; };
		2B059AAA1C01F1F900770818 /* UniversmotriTests.m in Sources */ = {isa = PBXBuildFile; fileRef = 2B059AA91C01F1F900770818 /* UniversmotriTests.m */; };
		2B059AB51C01F1F900770818 /* UniversmotriUITests.m in Sources */ = {isa = PBXBuildFile; fileRef = 2B059AB41C01F1F900770818 /* UniversmotriUITests.m */; };
		2BF31A1F1C14376A00FD4EFE /* KFUStreamViewController.m in Sources */ = {isa = PBXBuildFile; fileRef = 2BF31A1E1C14376A00FD4EFE /* KFUStreamViewController.m */; };
		2BF87DE01C14192000D3F4FB /* AMSlideMenuContentSegue.m in Sources */ = {isa = PBXBuildFile; fileRef = 2BF87DD21C14192000D3F4FB /* AMSlideMenuContentSegue.m */; };
		2BF87DE11C14192000D3F4FB /* AMSlideMenuLeftMenuSegue.m in Sources */ = {isa = PBXBuildFile; fileRef = 2BF87DD41C14192000D3F4FB /* AMSlideMenuLeftMenuSegue.m */; };
		2BF87DE21C14192000D3F4FB /* AMSlideMenuLeftTableViewController.m in Sources */ = {isa = PBXBuildFile; fileRef = 2BF87DD61C14192000D3F4FB /* AMSlideMenuLeftTableViewController.m */; };
		2BF87DE31C14192000D3F4FB /* AMSlideMenuMainViewController.m in Sources */ = {isa = PBXBuildFile; fileRef = 2BF87DD81C14192000D3F4FB /* AMSlideMenuMainViewController.m */; };
		2BF87DE41C14192000D3F4FB /* AMSlideMenuRightMenuSegue.m in Sources */ = {isa = PBXBuildFile; fileRef = 2BF87DDB1C14192000D3F4FB /* AMSlideMenuRightMenuSegue.m */; };
		2BF87DE51C14192000D3F4FB /* AMSlideMenuRightTableViewController.m in Sources */ = {isa = PBXBuildFile; fileRef = 2BF87DDD1C14192000D3F4FB /* AMSlideMenuRightTableViewController.m */; };
		2BF87DE61C14192000D3F4FB /* UIViewController+AMSlideMenu.m in Sources */ = {isa = PBXBuildFile; fileRef = 2BF87DDF1C14192000D3F4FB /* UIViewController+AMSlideMenu.m */; };
		2BF87DE91C14197D00D3F4FB /* MainVC.m in Sources */ = {isa = PBXBuildFile; fileRef = 2BF87DE81C14197D00D3F4FB /* MainVC.m */; };
		2BF87DEC1C14227600D3F4FB /* icon-menu.png in Resources */ = {isa = PBXBuildFile; fileRef = 2BF87DEA1C14227600D3F4FB /* icon-menu.png */; };
		2BF87DED1C14227600D3F4FB /* icon-menu@2x.png in Resources */ = {isa = PBXBuildFile; fileRef = 2BF87DEB1C14227600D3F4FB /* icon-menu@2x.png */; };
		2BF87DEF1C142C3900D3F4FB /* u255-m.png in Resources */ = {isa = PBXBuildFile; fileRef = 2BF87DEE1C142C3900D3F4FB /* u255-m.png */; };
		2BF87DF11C142CD000D3F4FB /* universmotri.png in Resources */ = {isa = PBXBuildFile; fileRef = 2BF87DF01C142CD000D3F4FB /* universmotri.png */; };
/* End PBXBuildFile section */

/* Begin PBXContainerItemProxy section */
		2B059AA61C01F1F900770818 /* PBXContainerItemProxy */ = {
			isa = PBXContainerItemProxy;
			containerPortal = 2B059A841C01F1F900770818 /* Project object */;
			proxyType = 1;
			remoteGlobalIDString = 2B059A8B1C01F1F900770818;
			remoteInfo = Universmotri;
		};
		2B059AB11C01F1F900770818 /* PBXContainerItemProxy */ = {
			isa = PBXContainerItemProxy;
			containerPortal = 2B059A841C01F1F900770818 /* Project object */;
			proxyType = 1;
			remoteGlobalIDString = 2B059A8B1C01F1F900770818;
			remoteInfo = Universmotri;
		};
/* End PBXContainerItemProxy section */

/* Begin PBXFileReference section */
		2B059A8C1C01F1F900770818 /* Universmotri.app */ = {isa = PBXFileReference; explicitFileType = wrapper.application; includeInIndex = 0; path = Universmotri.app; sourceTree = BUILT_PRODUCTS_DIR; };
		2B059A901C01F1F900770818 /* main.m */ = {isa = PBXFileReference; lastKnownFileType = sourcecode.c.objc; path = main.m; sourceTree = "<group>"; };
		2B059A921C01F1F900770818 /* AppDelegate.h */ = {isa = PBXFileReference; lastKnownFileType = sourcecode.c.h; path = AppDelegate.h; sourceTree = "<group>"; };
		2B059A931C01F1F900770818 /* AppDelegate.m */ = {isa = PBXFileReference; lastKnownFileType = sourcecode.c.objc; path = AppDelegate.m; sourceTree = "<group>"; };
		2B059A991C01F1F900770818 /* Base */ = {isa = PBXFileReference; lastKnownFileType = file.storyboard; name = Base; path = Base.lproj/Main.storyboard; sourceTree = "<group>"; };
		2B059A9B1C01F1F900770818 /* Assets.xcassets */ = {isa = PBXFileReference; lastKnownFileType = folder.assetcatalog; path = Assets.xcassets; sourceTree = "<group>"; };
		2B059A9E1C01F1F900770818 /* Base */ = {isa = PBXFileReference; lastKnownFileType = file.storyboard; name = Base; path = Base.lproj/LaunchScreen.storyboard; sourceTree = "<group>"; };
		2B059AA01C01F1F900770818 /* Info.plist */ = {isa = PBXFileReference; lastKnownFileType = text.plist.xml; path = Info.plist; sourceTree = "<group>"; };
		2B059AA51C01F1F900770818 /* UniversmotriTests.xctest */ = {isa = PBXFileReference; explicitFileType = wrapper.cfbundle; includeInIndex = 0; path = UniversmotriTests.xctest; sourceTree = BUILT_PRODUCTS_DIR; };
		2B059AA91C01F1F900770818 /* UniversmotriTests.m */ = {isa = PBXFileReference; lastKnownFileType = sourcecode.c.objc; path = UniversmotriTests.m; sourceTree = "<group>"; };
		2B059AAB1C01F1F900770818 /* Info.plist */ = {isa = PBXFileReference; lastKnownFileType = text.plist.xml; path = Info.plist; sourceTree = "<group>"; };
		2B059AB01C01F1F900770818 /* UniversmotriUITests.xctest */ = {isa = PBXFileReference; explicitFileType = wrapper.cfbundle; includeInIndex = 0; path = UniversmotriUITests.xctest; sourceTree = BUILT_PRODUCTS_DIR; };
		2B059AB41C01F1F900770818 /* UniversmotriUITests.m */ = {isa = PBXFileReference; lastKnownFileType = sourcecode.c.objc; path = UniversmotriUITests.m; sourceTree = "<group>"; };
		2B059AB61C01F1F900770818 /* Info.plist */ = {isa = PBXFileReference; lastKnownFileType = text.plist.xml; path = Info.plist; sourceTree = "<group>"; };
		2BF31A1D1C14376A00FD4EFE /* KFUStreamViewController.h */ = {isa = PBXFileReference; fileEncoding = 4; lastKnownFileType = sourcecode.c.h; path = KFUStreamViewController.h; sourceTree = "<group>"; };
		2BF31A1E1C14376A00FD4EFE /* KFUStreamViewController.m */ = {isa = PBXFileReference; fileEncoding = 4; lastKnownFileType = sourcecode.c.objc; path = KFUStreamViewController.m; sourceTree = "<group>"; };
		2BF87DD11C14192000D3F4FB /* AMSlideMenuContentSegue.h */ = {isa = PBXFileReference; fileEncoding = 4; lastKnownFileType = sourcecode.c.h; path = AMSlideMenuContentSegue.h; sourceTree = "<group>"; };
		2BF87DD21C14192000D3F4FB /* AMSlideMenuContentSegue.m */ = {isa = PBXFileReference; fileEncoding = 4; lastKnownFileType = sourcecode.c.objc; path = AMSlideMenuContentSegue.m; sourceTree = "<group>"; };
		2BF87DD31C14192000D3F4FB /* AMSlideMenuLeftMenuSegue.h */ = {isa = PBXFileReference; fileEncoding = 4; lastKnownFileType = sourcecode.c.h; path = AMSlideMenuLeftMenuSegue.h; sourceTree = "<group>"; };
		2BF87DD41C14192000D3F4FB /* AMSlideMenuLeftMenuSegue.m */ = {isa = PBXFileReference; fileEncoding = 4; lastKnownFileType = sourcecode.c.objc; path = AMSlideMenuLeftMenuSegue.m; sourceTree = "<group>"; };
		2BF87DD51C14192000D3F4FB /* AMSlideMenuLeftTableViewController.h */ = {isa = PBXFileReference; fileEncoding = 4; lastKnownFileType = sourcecode.c.h; path = AMSlideMenuLeftTableViewController.h; sourceTree = "<group>"; };
		2BF87DD61C14192000D3F4FB /* AMSlideMenuLeftTableViewController.m */ = {isa = PBXFileReference; fileEncoding = 4; lastKnownFileType = sourcecode.c.objc; path = AMSlideMenuLeftTableViewController.m; sourceTree = "<group>"; };
		2BF87DD71C14192000D3F4FB /* AMSlideMenuMainViewController.h */ = {isa = PBXFileReference; fileEncoding = 4; lastKnownFileType = sourcecode.c.h; path = AMSlideMenuMainViewController.h; sourceTree = "<group>"; };
		2BF87DD81C14192000D3F4FB /* AMSlideMenuMainViewController.m */ = {isa = PBXFileReference; fileEncoding = 4; lastKnownFileType = sourcecode.c.objc; path = AMSlideMenuMainViewController.m; sourceTree = "<group>"; };
		2BF87DD91C14192000D3F4FB /* AMSlideMenuProtocols.h */ = {isa = PBXFileReference; fileEncoding = 4; lastKnownFileType = sourcecode.c.h; path = AMSlideMenuProtocols.h; sourceTree = "<group>"; };
		2BF87DDA1C14192000D3F4FB /* AMSlideMenuRightMenuSegue.h */ = {isa = PBXFileReference; fileEncoding = 4; lastKnownFileType = sourcecode.c.h; path = AMSlideMenuRightMenuSegue.h; sourceTree = "<group>"; };
		2BF87DDB1C14192000D3F4FB /* AMSlideMenuRightMenuSegue.m */ = {isa = PBXFileReference; fileEncoding = 4; lastKnownFileType = sourcecode.c.objc; path = AMSlideMenuRightMenuSegue.m; sourceTree = "<group>"; };
		2BF87DDC1C14192000D3F4FB /* AMSlideMenuRightTableViewController.h */ = {isa = PBXFileReference; fileEncoding = 4; lastKnownFileType = sourcecode.c.h; path = AMSlideMenuRightTableViewController.h; sourceTree = "<group>"; };
		2BF87DDD1C14192000D3F4FB /* AMSlideMenuRightTableViewController.m */ = {isa = PBXFileReference; fileEncoding = 4; lastKnownFileType = sourcecode.c.objc; path = AMSlideMenuRightTableViewController.m; sourceTree = "<group>"; };
		2BF87DDE1C14192000D3F4FB /* UIViewController+AMSlideMenu.h */ = {isa = PBXFileReference; fileEncoding = 4; lastKnownFileType = sourcecode.c.h; path = "UIViewController+AMSlideMenu.h"; sourceTree = "<group>"; };
		2BF87DDF1C14192000D3F4FB /* UIViewController+AMSlideMenu.m */ = {isa = PBXFileReference; fileEncoding = 4; lastKnownFileType = sourcecode.c.objc; path = "UIViewController+AMSlideMenu.m"; sourceTree = "<group>"; };
		2BF87DE71C14197D00D3F4FB /* MainVC.h */ = {isa = PBXFileReference; fileEncoding = 4; lastKnownFileType = sourcecode.c.h; name = MainVC.h; path = ../MainVC.h; sourceTree = "<group>"; };
		2BF87DE81C14197D00D3F4FB /* MainVC.m */ = {isa = PBXFileReference; fileEncoding = 4; lastKnownFileType = sourcecode.c.objc; name = MainVC.m; path = ../MainVC.m; sourceTree = "<group>"; };
		2BF87DEA1C14227600D3F4FB /* icon-menu.png */ = {isa = PBXFileReference; lastKnownFileType = image.png; path = "icon-menu.png"; sourceTree = "<group>"; };
		2BF87DEB1C14227600D3F4FB /* icon-menu@2x.png */ = {isa = PBXFileReference; lastKnownFileType = image.png; path = "icon-menu@2x.png"; sourceTree = "<group>"; };
		2BF87DEE1C142C3900D3F4FB /* u255-m.png */ = {isa = PBXFileReference; lastKnownFileType = image.png; path = "u255-m.png"; sourceTree = "<group>"; };
		2BF87DF01C142CD000D3F4FB /* universmotri.png */ = {isa = PBXFileReference; lastKnownFileType = image.png; path = universmotri.png; sourceTree = "<group>"; };
/* End PBXFileReference section */

/* Begin PBXFrameworksBuildPhase section */
		2B059A891C01F1F900770818 /* Frameworks */ = {
			isa = PBXFrameworksBuildPhase;
			buildActionMask = 2147483647;
			files = (
			);
			runOnlyForDeploymentPostprocessing = 0;
		};
		2B059AA21C01F1F900770818 /* Frameworks */ = {
			isa = PBXFrameworksBuildPhase;
			buildActionMask = 2147483647;
			files = (
			);
			runOnlyForDeploymentPostprocessing = 0;
		};
		2B059AAD1C01F1F900770818 /* Frameworks */ = {
			isa = PBXFrameworksBuildPhase;
			buildActionMask = 2147483647;
			files = (
			);
			runOnlyForDeploymentPostprocessing = 0;
		};
/* End PBXFrameworksBuildPhase section */

/* Begin PBXGroup section */
		2B059A831C01F1F900770818 = {
			isa = PBXGroup;
			children = (
				2B059A8E1C01F1F900770818 /* Universmotri */,
				2B059AA81C01F1F900770818 /* UniversmotriTests */,
				2B059AB31C01F1F900770818 /* UniversmotriUITests */,
				2B059A8D1C01F1F900770818 /* Products */,
			);
			sourceTree = "<group>";
		};
		2B059A8D1C01F1F900770818 /* Products */ = {
			isa = PBXGroup;
			children = (
				2B059A8C1C01F1F900770818 /* Universmotri.app */,
				2B059AA51C01F1F900770818 /* UniversmotriTests.xctest */,
				2B059AB01C01F1F900770818 /* UniversmotriUITests.xctest */,
			);
			name = Products;
			sourceTree = "<group>";
		};
		2B059A8E1C01F1F900770818 /* Universmotri */ = {
			isa = PBXGroup;
			children = (
				2BF87DD01C14192000D3F4FB /* AMSlideMenu */,
				2B059A921C01F1F900770818 /* AppDelegate.h */,
				2B059A931C01F1F900770818 /* AppDelegate.m */,
				2BF87DE71C14197D00D3F4FB /* MainVC.h */,
				2BF87DE81C14197D00D3F4FB /* MainVC.m */,
				2BF31A1D1C14376A00FD4EFE /* KFUStreamViewController.h */,
				2BF31A1E1C14376A00FD4EFE /* KFUStreamViewController.m */,
				2B059A981C01F1F900770818 /* Main.storyboard */,
				2B059A9B1C01F1F900770818 /* Assets.xcassets */,
				2B059A9D1C01F1F900770818 /* LaunchScreen.storyboard */,
				2B059AA01C01F1F900770818 /* Info.plist */,
				2B059A8F1C01F1F900770818 /* Supporting Files */,
			);
			path = Universmotri;
			sourceTree = "<group>";
		};
		2B059A8F1C01F1F900770818 /* Supporting Files */ = {
			isa = PBXGroup;
			children = (
				2BF87DF01C142CD000D3F4FB /* universmotri.png */,
				2BF87DEA1C14227600D3F4FB /* icon-menu.png */,
				2BF87DEB1C14227600D3F4FB /* icon-menu@2x.png */,
				2BF87DEE1C142C3900D3F4FB /* u255-m.png */,
				2B059A901C01F1F900770818 /* main.m */,
			);
			name = "Supporting Files";
			sourceTree = "<group>";
		};
		2B059AA81C01F1F900770818 /* UniversmotriTests */ = {
			isa = PBXGroup;
			children = (
				2B059AA91C01F1F900770818 /* UniversmotriTests.m */,
				2B059AAB1C01F1F900770818 /* Info.plist */,
			);
			path = UniversmotriTests;
			sourceTree = "<group>";
		};
		2B059AB31C01F1F900770818 /* UniversmotriUITests */ = {
			isa = PBXGroup;
			children = (
				2B059AB41C01F1F900770818 /* UniversmotriUITests.m */,
				2B059AB61C01F1F900770818 /* Info.plist */,
			);
			path = UniversmotriUITests;
			sourceTree = "<group>";
		};
		2BF87DD01C14192000D3F4FB /* AMSlideMenu */ = {
			isa = PBXGroup;
			children = (
				2BF87DD11C14192000D3F4FB /* AMSlideMenuContentSegue.h */,
				2BF87DD21C14192000D3F4FB /* AMSlideMenuContentSegue.m */,
				2BF87DD31C14192000D3F4FB /* AMSlideMenuLeftMenuSegue.h */,
				2BF87DD41C14192000D3F4FB /* AMSlideMenuLeftMenuSegue.m */,
				2BF87DD51C14192000D3F4FB /* AMSlideMenuLeftTableViewController.h */,
				2BF87DD61C14192000D3F4FB /* AMSlideMenuLeftTableViewController.m */,
				2BF87DD71C14192000D3F4FB /* AMSlideMenuMainViewController.h */,
				2BF87DD81C14192000D3F4FB /* AMSlideMenuMainViewController.m */,
				2BF87DD91C14192000D3F4FB /* AMSlideMenuProtocols.h */,
				2BF87DDA1C14192000D3F4FB /* AMSlideMenuRightMenuSegue.h */,
				2BF87DDB1C14192000D3F4FB /* AMSlideMenuRightMenuSegue.m */,
				2BF87DDC1C14192000D3F4FB /* AMSlideMenuRightTableViewController.h */,
				2BF87DDD1C14192000D3F4FB /* AMSlideMenuRightTableViewController.m */,
				2BF87DDE1C14192000D3F4FB /* UIViewController+AMSlideMenu.h */,
				2BF87DDF1C14192000D3F4FB /* UIViewController+AMSlideMenu.m */,
			);
			path = AMSlideMenu;
			sourceTree = "<group>";
		};
/* End PBXGroup section */

/* Begin PBXNativeTarget section */
		2B059A8B1C01F1F900770818 /* Universmotri */ = {
			isa = PBXNativeTarget;
			buildConfigurationList = 2B059AB91C01F1F900770818 /* Build configuration list for PBXNativeTarget "Universmotri" */;
			buildPhases = (
				2B059A881C01F1F900770818 /* Sources */,
				2B059A891C01F1F900770818 /* Frameworks */,
				2B059A8A1C01F1F900770818 /* Resources */,
			);
			buildRules = (
			);
			dependencies = (
			);
			name = Universmotri;
			productName = Universmotri;
			productReference = 2B059A8C1C01F1F900770818 /* Universmotri.app */;
			productType = "com.apple.product-type.application";
		};
		2B059AA41C01F1F900770818 /* UniversmotriTests */ = {
			isa = PBXNativeTarget;
			buildConfigurationList = 2B059ABC1C01F1F900770818 /* Build configuration list for PBXNativeTarget "UniversmotriTests" */;
			buildPhases = (
				2B059AA11C01F1F900770818 /* Sources */,
				2B059AA21C01F1F900770818 /* Frameworks */,
				2B059AA31C01F1F900770818 /* Resources */,
			);
			buildRules = (
			);
			dependencies = (
				2B059AA71C01F1F900770818 /* PBXTargetDependency */,
			);
			name = UniversmotriTests;
			productName = UniversmotriTests;
			productReference = 2B059AA51C01F1F900770818 /* UniversmotriTests.xctest */;
			productType = "com.apple.product-type.bundle.unit-test";
		};
		2B059AAF1C01F1F900770818 /* UniversmotriUITests */ = {
			isa = PBXNativeTarget;
			buildConfigurationList = 2B059ABF1C01F1F900770818 /* Build configuration list for PBXNativeTarget "UniversmotriUITests" */;
			buildPhases = (
				2B059AAC1C01F1F900770818 /* Sources */,
				2B059AAD1C01F1F900770818 /* Frameworks */,
				2B059AAE1C01F1F900770818 /* Resources */,
			);
			buildRules = (
			);
			dependencies = (
				2B059AB21C01F1F900770818 /* PBXTargetDependency */,
			);
			name = UniversmotriUITests;
			productName = UniversmotriUITests;
			productReference = 2B059AB01C01F1F900770818 /* UniversmotriUITests.xctest */;
			productType = "com.apple.product-type.bundle.ui-testing";
		};
/* End PBXNativeTarget section */

/* Begin PBXProject section */
		2B059A841C01F1F900770818 /* Project object */ = {
			isa = PBXProject;
			attributes = {
				LastUpgradeCheck = 0700;
				ORGANIZATIONNAME = "Alexander Drovnyashin";
				TargetAttributes = {
					2B059A8B1C01F1F900770818 = {
						CreatedOnToolsVersion = 7.0.1;
					};
					2B059AA41C01F1F900770818 = {
						CreatedOnToolsVersion = 7.0.1;
						TestTargetID = 2B059A8B1C01F1F900770818;
					};
					2B059AAF1C01F1F900770818 = {
						CreatedOnToolsVersion = 7.0.1;
						TestTargetID = 2B059A8B1C01F1F900770818;
					};
				};
			};
			buildConfigurationList = 2B059A871C01F1F900770818 /* Build configuration list for PBXProject "Universmotri" */;
			compatibilityVersion = "Xcode 3.2";
			developmentRegion = English;
			hasScannedForEncodings = 0;
			knownRegions = (
				en,
				Base,
			);
			mainGroup = 2B059A831C01F1F900770818;
			productRefGroup = 2B059A8D1C01F1F900770818 /* Products */;
			projectDirPath = "";
			projectRoot = "";
			targets = (
				2B059A8B1C01F1F900770818 /* Universmotri */,
				2B059AA41C01F1F900770818 /* UniversmotriTests */,
				2B059AAF1C01F1F900770818 /* UniversmotriUITests */,
			);
		};
/* End PBXProject section */

/* Begin PBXResourcesBuildPhase section */
		2B059A8A1C01F1F900770818 /* Resources */ = {
			isa = PBXResourcesBuildPhase;
			buildActionMask = 2147483647;
			files = (
				2BF87DEF1C142C3900D3F4FB /* u255-m.png in Resources */,
				2B059A9F1C01F1F900770818 /* LaunchScreen.storyboard in Resources */,
				2BF87DF11C142CD000D3F4FB /* universmotri.png in Resources */,
				2B059A9C1C01F1F900770818 /* Assets.xcassets in Resources */,
				2BF87DED1C14227600D3F4FB /* icon-menu@2x.png in Resources */,
				2B059A9A1C01F1F900770818 /* Main.storyboard in Resources */,
				2BF87DEC1C14227600D3F4FB /* icon-menu.png in Resources */,
			);
			runOnlyForDeploymentPostprocessing = 0;
		};
		2B059AA31C01F1F900770818 /* Resources */ = {
			isa = PBXResourcesBuildPhase;
			buildActionMask = 2147483647;
			files = (
			);
			runOnlyForDeploymentPostprocessing = 0;
		};
		2B059AAE1C01F1F900770818 /* Resources */ = {
			isa = PBXResourcesBuildPhase;
			buildActionMask = 2147483647;
			files = (
			);
			runOnlyForDeploymentPostprocessing = 0;
		};
/* End PBXResourcesBuildPhase section */

/* Begin PBXSourcesBuildPhase section */
		2B059A881C01F1F900770818 /* Sources */ = {
			isa = PBXSourcesBuildPhase;
			buildActionMask = 2147483647;
			files = (
				2BF87DE11C14192000D3F4FB /* AMSlideMenuLeftMenuSegue.m in Sources */,
				2BF87DE51C14192000D3F4FB /* AMSlideMenuRightTableViewController.m in Sources */,
				2BF87DE01C14192000D3F4FB /* AMSlideMenuContentSegue.m in Sources */,
				2BF87DE91C14197D00D3F4FB /* MainVC.m in Sources */,
				2BF87DE61C14192000D3F4FB /* UIViewController+AMSlideMenu.m in Sources */,
				2BF87DE21C14192000D3F4FB /* AMSlideMenuLeftTableViewController.m in Sources */,
				2B059A941C01F1F900770818 /* AppDelegate.m in Sources */,
				2BF87DE31C14192000D3F4FB /* AMSlideMenuMainViewController.m in Sources */,
				2BF87DE41C14192000D3F4FB /* AMSlideMenuRightMenuSegue.m in Sources */,
				2BF31A1F1C14376A00FD4EFE /* KFUStreamViewController.m in Sources */,
				2B059A911C01F1F900770818 /* main.m in Sources */,
			);
			runOnlyForDeploymentPostprocessing = 0;
		};
		2B059AA11C01F1F900770818 /* Sources */ = {
			isa = PBXSourcesBuildPhase;
			buildActionMask = 2147483647;
			files = (
				2B059AAA1C01F1F900770818 /* UniversmotriTests.m in Sources */,
			);
			runOnlyForDeploymentPostprocessing = 0;
		};
		2B059AAC1C01F1F900770818 /* Sources */ = {
			isa = PBXSourcesBuildPhase;
			buildActionMask = 2147483647;
			files = (
				2B059AB51C01F1F900770818 /* UniversmotriUITests.m in Sources */,
			);
			runOnlyForDeploymentPostprocessing = 0;
		};
/* End PBXSourcesBuildPhase section */

/* Begin PBXTargetDependency section */
		2B059AA71C01F1F900770818 /* PBXTargetDependency */ = {
			isa = PBXTargetDependency;
			target = 2B059A8B1C01F1F900770818 /* Universmotri */;
			targetProxy = 2B059AA61C01F1F900770818 /* PBXContainerItemProxy */;
		};
		2B059AB21C01F1F900770818 /* PBXTargetDependency */ = {
			isa = PBXTargetDependency;
			target = 2B059A8B1C01F1F900770818 /* Universmotri */;
			targetProxy = 2B059AB11C01F1F900770818 /* PBXContainerItemProxy */;
		};
/* End PBXTargetDependency section */

/* Begin PBXVariantGroup section */
		2B059A981C01F1F900770818 /* Main.storyboard */ = {
			isa = PBXVariantGroup;
			children = (
				2B059A991C01F1F900770818 /* Base */,
			);
			name = Main.storyboard;
			sourceTree = "<group>";
		};
		2B059A9D1C01F1F900770818 /* LaunchScreen.storyboard */ = {
			isa = PBXVariantGroup;
			children = (
				2B059A9E1C01F1F900770818 /* Base */,
			);
			name = LaunchScreen.storyboard;
			sourceTree = "<group>";
		};
/* End PBXVariantGroup section */

/* Begin XCBuildConfiguration section */
		2B059AB71C01F1F900770818 /* Debug */ = {
			isa = XCBuildConfiguration;
			buildSettings = {
				ALWAYS_SEARCH_USER_PATHS = NO;
				CLANG_CXX_LANGUAGE_STANDARD = "gnu++0x";
				CLANG_CXX_LIBRARY = "libc++";
				CLANG_ENABLE_MODULES = YES;
				CLANG_ENABLE_OBJC_ARC = YES;
				CLANG_WARN_BOOL_CONVERSION = YES;
				CLANG_WARN_CONSTANT_CONVERSION = YES;
				CLANG_WARN_DIRECT_OBJC_ISA_USAGE = YES_ERROR;
				CLANG_WARN_EMPTY_BODY = YES;
				CLANG_WARN_ENUM_CONVERSION = YES;
				CLANG_WARN_INT_CONVERSION = YES;
				CLANG_WARN_OBJC_ROOT_CLASS = YES_ERROR;
				CLANG_WARN_UNREACHABLE_CODE = YES;
				CLANG_WARN__DUPLICATE_METHOD_MATCH = YES;
				"CODE_SIGN_IDENTITY[sdk=iphoneos*]" = "iPhone Developer";
				COPY_PHASE_STRIP = NO;
				DEBUG_INFORMATION_FORMAT = dwarf;
				ENABLE_STRICT_OBJC_MSGSEND = YES;
				ENABLE_TESTABILITY = YES;
				GCC_C_LANGUAGE_STANDARD = gnu99;
				GCC_DYNAMIC_NO_PIC = NO;
				GCC_NO_COMMON_BLOCKS = YES;
				GCC_OPTIMIZATION_LEVEL = 0;
				GCC_PREPROCESSOR_DEFINITIONS = (
					"DEBUG=1",
					"$(inherited)",
				);
				GCC_WARN_64_TO_32_BIT_CONVERSION = YES;
				GCC_WARN_ABOUT_RETURN_TYPE = YES_ERROR;
				GCC_WARN_UNDECLARED_SELECTOR = YES;
				GCC_WARN_UNINITIALIZED_AUTOS = YES_AGGRESSIVE;
				GCC_WARN_UNUSED_FUNCTION = YES;
				GCC_WARN_UNUSED_VARIABLE = YES;
				IPHONEOS_DEPLOYMENT_TARGET = 9.0;
				MTL_ENABLE_DEBUG_INFO = YES;
				ONLY_ACTIVE_ARCH = YES;
				SDKROOT = iphoneos;
			};
			name = Debug;
		};
		2B059AB81C01F1F900770818 /* Release */ = {
			isa = XCBuildConfiguration;
			buildSettings = {
				ALWAYS_SEARCH_USER_PATHS = NO;
				CLANG_CXX_LANGUAGE_STANDARD = "gnu++0x";
				CLANG_CXX_LIBRARY = "libc++";
				CLANG_ENABLE_MODULES = YES;
				CLANG_ENABLE_OBJC_ARC = YES;
				CLANG_WARN_BOOL_CONVERSION = YES;
				CLANG_WARN_CONSTANT_CONVERSION = YES;
				CLANG_WARN_DIRECT_OBJC_ISA_USAGE = YES_ERROR;
				CLANG_WARN_EMPTY_BODY = YES;
				CLANG_WARN_ENUM_CONVERSION = YES;
				CLANG_WARN_INT_CONVERSION = YES;
				CLANG_WARN_OBJC_ROOT_CLASS = YES_ERROR;
				CLANG_WARN_UNREACHABLE_CODE = YES;
				CLANG_WARN__DUPLICATE_METHOD_MATCH = YES;
				"CODE_SIGN_IDENTITY[sdk=iphoneos*]" = "iPhone Developer";
				COPY_PHASE_STRIP = NO;
				DEBUG_INFORMATION_FORMAT = "dwarf-with-dsym";
				ENABLE_NS_ASSERTIONS = NO;
				ENABLE_STRICT_OBJC_MSGSEND = YES;
				GCC_C_LANGUAGE_STANDARD = gnu99;
				GCC_NO_COMMON_BLOCKS = YES;
				GCC_WARN_64_TO_32_BIT_CONVERSION = YES;
				GCC_WARN_ABOUT_RETURN_TYPE = YES_ERROR;
				GCC_WARN_UNDECLARED_SELECTOR = YES;
				GCC_WARN_UNINITIALIZED_AUTOS = YES_AGGRESSIVE;
				GCC_WARN_UNUSED_FUNCTION = YES;
				GCC_WARN_UNUSED_VARIABLE = YES;
				IPHONEOS_DEPLOYMENT_TARGET = 9.0;
				MTL_ENABLE_DEBUG_INFO = NO;
				SDKROOT = iphoneos;
				VALIDATE_PRODUCT = YES;
			};
			name = Release;
		};
		2B059ABA1C01F1F900770818 /* Debug */ = {
			isa = XCBuildConfiguration;
			buildSettings = {
				ASSETCATALOG_COMPILER_APPICON_NAME = AppIcon;
				INFOPLIST_FILE = Universmotri/Info.plist;
				LD_RUNPATH_SEARCH_PATHS = "$(inherited) @executable_path/Frameworks";
				PRODUCT_BUNDLE_IDENTIFIER = alx.Universmotri;
				PRODUCT_NAME = "$(TARGET_NAME)";
			};
			name = Debug;
		};
		2B059ABB1C01F1F900770818 /* Release */ = {
			isa = XCBuildConfiguration;
			buildSettings = {
				ASSETCATALOG_COMPILER_APPICON_NAME = AppIcon;
				INFOPLIST_FILE = Universmotri/Info.plist;
				LD_RUNPATH_SEARCH_PATHS = "$(inherited) @executable_path/Frameworks";
				PRODUCT_BUNDLE_IDENTIFIER = alx.Universmotri;
				PRODUCT_NAME = "$(TARGET_NAME)";
			};
			name = Release;
		};
		2B059ABD1C01F1F900770818 /* Debug */ = {
			isa = XCBuildConfiguration;
			buildSettings = {
				BUNDLE_LOADER = "$(TEST_HOST)";
				INFOPLIST_FILE = UniversmotriTests/Info.plist;
				LD_RUNPATH_SEARCH_PATHS = "$(inherited) @executable_path/Frameworks @loader_path/Frameworks";
				PRODUCT_BUNDLE_IDENTIFIER = alx.UniversmotriTests;
				PRODUCT_NAME = "$(TARGET_NAME)";
				TEST_HOST = "$(BUILT_PRODUCTS_DIR)/Universmotri.app/Universmotri";
			};
			name = Debug;
		};
		2B059ABE1C01F1F900770818 /* Release */ = {
			isa = XCBuildConfiguration;
			buildSettings = {
				BUNDLE_LOADER = "$(TEST_HOST)";
				INFOPLIST_FILE = UniversmotriTests/Info.plist;
				LD_RUNPATH_SEARCH_PATHS = "$(inherited) @executable_path/Frameworks @loader_path/Frameworks";
				PRODUCT_BUNDLE_IDENTIFIER = alx.UniversmotriTests;
				PRODUCT_NAME = "$(TARGET_NAME)";
				TEST_HOST = "$(BUILT_PRODUCTS_DIR)/Universmotri.app/Universmotri";
			};
			name = Release;
		};
		2B059AC01C01F1F900770818 /* Debug */ = {
			isa = XCBuildConfiguration;
			buildSettings = {
				INFOPLIST_FILE = UniversmotriUITests/Info.plist;
				LD_RUNPATH_SEARCH_PATHS = "$(inherited) @executable_path/Frameworks @loader_path/Frameworks";
				PRODUCT_BUNDLE_IDENTIFIER = alx.UniversmotriUITests;
				PRODUCT_NAME = "$(TARGET_NAME)";
				TEST_TARGET_NAME = Universmotri;
				USES_XCTRUNNER = YES;
			};
			name = Debug;
		};
		2B059AC11C01F1F900770818 /* Release */ = {
			isa = XCBuildConfiguration;
			buildSettings = {
				INFOPLIST_FILE = UniversmotriUITests/Info.plist;
				LD_RUNPATH_SEARCH_PATHS = "$(inherited) @executable_path/Frameworks @loader_path/Frameworks";
				PRODUCT_BUNDLE_IDENTIFIER = alx.UniversmotriUITests;
				PRODUCT_NAME = "$(TARGET_NAME)";
				TEST_TARGET_NAME = Universmotri;
				USES_XCTRUNNER = YES;
			};
			name = Release;
		};
/* End XCBuildConfiguration section */

/* Begin XCConfigurationList section */
		2B059A871C01F1F900770818 /* Build configuration list for PBXProject "Universmotri" */ = {
			isa = XCConfigurationList;
			buildConfigurations = (
				2B059AB71C01F1F900770818 /* Debug */,
				2B059AB81C01F1F900770818 /* Release */,
			);
			defaultConfigurationIsVisible = 0;
			defaultConfigurationName = Release;
		};
		2B059AB91C01F1F900770818 /* Build configuration list for PBXNativeTarget "Universmotri" */ = {
			isa = XCConfigurationList;
			buildConfigurations = (
				2B059ABA1C01F1F900770818 /* Debug */,
				2B059ABB1C01F1F900770818 /* Release */,
			);
			defaultConfigurationIsVisible = 0;
			defaultConfigurationName = Release;
		};
		2B059ABC1C01F1F900770818 /* Build configuration list for PBXNativeTarget "UniversmotriTests" */ = {
			isa = XCConfigurationList;
			buildConfigurations = (
				2B059ABD1C01F1F900770818 /* Debug */,
				2B059ABE1C01F1F900770818 /* Release */,
			);
			defaultConfigurationIsVisible = 0;
			defaultConfigurationName = Release;
		};
		2B059ABF1C01F1F900770818 /* Build configuration list for PBXNativeTarget "UniversmotriUITests" */ = {
			isa = XCConfigurationList;
			buildConfigurations = (
				2B059AC01C01F1F900770818 /* Debug */,
				2B059AC11C01F1F900770818 /* Release */,
			);
			defaultConfigurationIsVisible = 0;
			defaultConfigurationName = Release;
		};
/* End XCConfigurationList section */
	};
	rootObject = 2B059A841C01F1F900770818 /* Project object */;
}
